
Microsoft Visual Studio Solution File, Format Version 12.00
# Visual Studio 15
VisualStudioVersion = 15.0.27130.2010
MinimumVisualStudioVersion = 10.0.40219.1
Project("{9A19103F-16F7-4668-BE54-9A1E7A4F7556}") = "CoreService", "Tridion.Community.PowerShell\CoreService.csproj", "{8B801E0A-EA65-4170-A653-8D52A0D146CF}"
EndProject
Global
	GlobalSection(SolutionConfigurationPlatforms) = preSolution
		Debug|Any CPU = Debug|Any CPU
		Release|Any CPU = Release|Any CPU
	EndGlobalSection
	GlobalSection(ProjectConfigurationPlatforms) = postSolution
		{8B801E0A-EA65-4170-A653-8D52A0D146CF}.Debug|Any CPU.ActiveCfg = Debug|Any CPU
		{8B801E0A-EA65-4170-A653-8D52A0D146CF}.Debug|Any CPU.Build.0 = Debug|Any CPU
		{8B801E0A-EA65-4170-A653-8D52A0D146CF}.Release|Any CPU.ActiveCfg = Release|Any CPU
		{8B801E0A-EA65-4170-A653-8D52A0D146CF}.Release|Any CPU.Build.0 = Release|Any CPU
	EndGlobalSection
	GlobalSection(SolutionProperties) = preSolution
		HideSolutionNode = FALSE
	EndGlobalSection
	GlobalSection(ExtensibilityGlobals) = postSolution
		SolutionGuid = {19DE5249-D9F8-4B47-B433-B3AA92E39504}
	EndGlobalSection
EndGlobal
